// !$*UTF8*$!
{
	archiveVersion = 1;
	classes = {
	};
	objectVersion = 46;
	objects = {

/* Begin PBXBuildFile section */
		48AD3F951DB9438600B47CA5 /* AppDelegate.m in Sources */ = {isa = PBXBuildFile; fileRef = 48AD3F941DB9438600B47CA5 /* AppDelegate.m */; };
		48AD3F981DB9438600B47CA5 /* main.m in Sources */ = {isa = PBXBuildFile; fileRef = 48AD3F971DB9438600B47CA5 /* main.m */; };
		48AD3F9D1DB9438600B47CA5 /* Assets.xcassets in Resources */ = {isa = PBXBuildFile; fileRef = 48AD3F9C1DB9438600B47CA5 /* Assets.xcassets */; };
		48AD3FA91DBA500100B47CA5 /* Security.framework in Frameworks */ = {isa = PBXBuildFile; fileRef = 48AD3FA81DBA500100B47CA5 /* Security.framework */; };
		48B028311DBBAC51007D2462 /* bellicon.png in Resources */ = {isa = PBXBuildFile; fileRef = 48B028301DBBAC51007D2462 /* bellicon.png */; };
/* End PBXBuildFile section */

/* Begin PBXFileReference section */
		48AD3F901DB9438600B47CA5 /* notify.app */ = {isa = PBXFileReference; explicitFileType = wrapper.application; includeInIndex = 0; path = notify.app; sourceTree = BUILT_PRODUCTS_DIR; };
		48AD3F931DB9438600B47CA5 /* AppDelegate.h */ = {isa = PBXFileReference; lastKnownFileType = sourcecode.c.h; path = AppDelegate.h; sourceTree = "<group>"; };
		48AD3F941DB9438600B47CA5 /* AppDelegate.m */ = {isa = PBXFileReference; lastKnownFileType = sourcecode.c.objc; path = AppDelegate.m; sourceTree = "<group>"; };
		48AD3F971DB9438600B47CA5 /* main.m */ = {isa = PBXFileReference; lastKnownFileType = sourcecode.c.objc; path = main.m; sourceTree = "<group>"; };
		48AD3F9C1DB9438600B47CA5 /* Assets.xcassets */ = {isa = PBXFileReference; lastKnownFileType = folder.assetcatalog; path = Assets.xcassets; sourceTree = "<group>"; };
		48AD3FA11DB9438600B47CA5 /* Info.plist */ = {isa = PBXFileReference; lastKnownFileType = text.plist.xml; path = Info.plist; sourceTree = "<group>"; };
		48AD3FA81DBA500100B47CA5 /* Security.framework */ = {isa = PBXFileReference; lastKnownFileType = wrapper.framework; name = Security.framework; path = System/Library/Frameworks/Security.framework; sourceTree = SDKROOT; };
		48B028301DBBAC51007D2462 /* bellicon.png */ = {isa = PBXFileReference; lastKnownFileType = image.png; path = bellicon.png; sourceTree = "<group>"; };
/* End PBXFileReference section */

/* Begin PBXFrameworksBuildPhase section */
		48AD3F8D1DB9438600B47CA5 /* Frameworks */ = {
			isa = PBXFrameworksBuildPhase;
			buildActionMask = 2147483647;
			files = (
				48AD3FA91DBA500100B47CA5 /* Security.framework in Frameworks */,
			);
			runOnlyForDeploymentPostprocessing = 0;
		};
/* End PBXFrameworksBuildPhase section */

/* Begin PBXGroup section */
		48AD3F871DB9438600B47CA5 = {
			isa = PBXGroup;
			children = (
				48AD3F921DB9438600B47CA5 /* notify */,
				48AD3F911DB9438600B47CA5 /* Products */,
				48AD3FA71DBA500100B47CA5 /* Frameworks */,
			);
			sourceTree = "<group>";
		};
		48AD3F911DB9438600B47CA5 /* Products */ = {
			isa = PBXGroup;
			children = (
				48AD3F901DB9438600B47CA5 /* notify.app */,
			);
			name = Products;
			sourceTree = "<group>";
		};
		48AD3F921DB9438600B47CA5 /* notify */ = {
			isa = PBXGroup;
			children = (
				48AD3F931DB9438600B47CA5 /* AppDelegate.h */,
				48AD3F941DB9438600B47CA5 /* AppDelegate.m */,
				48B028301DBBAC51007D2462 /* bellicon.png */,
				48AD3F9C1DB9438600B47CA5 /* Assets.xcassets */,
				48AD3FA11DB9438600B47CA5 /* Info.plist */,
				48AD3F961DB9438600B47CA5 /* Supporting Files */,
			);
			path = notify;
			sourceTree = "<group>";
		};
		48AD3F961DB9438600B47CA5 /* Supporting Files */ = {
			isa = PBXGroup;
			children = (
				48AD3F971DB9438600B47CA5 /* main.m */,
			);
			name = "Supporting Files";
			sourceTree = "<group>";
		};
		48AD3FA71DBA500100B47CA5 /* Frameworks */ = {
			isa = PBXGroup;
			children = (
				48AD3FA81DBA500100B47CA5 /* Security.framework */,
			);
			name = Frameworks;
			sourceTree = "<group>";
		};
/* End PBXGroup section */

/* Begin PBXNativeTarget section */
		48AD3F8F1DB9438600B47CA5 /* notify */ = {
			isa = PBXNativeTarget;
			buildConfigurationList = 48AD3FA41DB9438600B47CA5 /* Build configuration list for PBXNativeTarget "notify" */;
			buildPhases = (
				48AD3F8C1DB9438600B47CA5 /* Sources */,
				48AD3F8D1DB9438600B47CA5 /* Frameworks */,
				48AD3F8E1DB9438600B47CA5 /* Resources */,
			);
			buildRules = (
			);
			dependencies = (
			);
			name = notify;
			productName = notify;
			productReference = 48AD3F901DB9438600B47CA5 /* notify.app */;
			productType = "com.apple.product-type.application";
		};
/* End PBXNativeTarget section */

/* Begin PBXProject section */
		48AD3F881DB9438600B47CA5 /* Project object */ = {
			isa = PBXProject;
			attributes = {
				LastUpgradeCheck = 0800;
				ORGANIZATIONNAME = "max mitchell";
				TargetAttributes = {
					48AD3F8F1DB9438600B47CA5 = {
						CreatedOnToolsVersion = 8.0;
						DevelopmentTeam = 3H49MXS325;
						ProvisioningStyle = Automatic;
					};
				};
			};
			buildConfigurationList = 48AD3F8B1DB9438600B47CA5 /* Build configuration list for PBXProject "notify" */;
			compatibilityVersion = "Xcode 3.2";
			developmentRegion = English;
			hasScannedForEncodings = 0;
			knownRegions = (
				en,
				Base,
			);
			mainGroup = 48AD3F871DB9438600B47CA5;
			productRefGroup = 48AD3F911DB9438600B47CA5 /* Products */;
			projectDirPath = "";
			projectRoot = "";
			targets = (
				48AD3F8F1DB9438600B47CA5 /* notify */,
			);
		};
/* End PBXProject section */

/* Begin PBXResourcesBuildPhase section */
		48AD3F8E1DB9438600B47CA5 /* Resources */ = {
			isa = PBXResourcesBuildPhase;
			buildActionMask = 2147483647;
			files = (
				48AD3F9D1DB9438600B47CA5 /* Assets.xcassets in Resources */,
				48B028311DBBAC51007D2462 /* bellicon.png in Resources */,
			);
			runOnlyForDeploymentPostprocessing = 0;
		};
/* End PBXResourcesBuildPhase section */

/* Begin PBXSourcesBuildPhase section */
		48AD3F8C1DB9438600B47CA5 /* Sources */ = {
			isa = PBXSourcesBuildPhase;
			buildActionMask = 2147483647;
			files = (
				48AD3F981DB9438600B47CA5 /* main.m in Sources */,
				48AD3F951DB9438600B47CA5 /* AppDelegate.m in Sources */,
			);
			runOnlyForDeploymentPostprocessing = 0;
		};
/* End PBXSourcesBuildPhase section */

/* Begin XCBuildConfiguration section */
		48AD3FA21DB9438600B47CA5 /* Debug */ = {
			isa = XCBuildConfiguration;
			buildSettings = {
				ALWAYS_SEARCH_USER_PATHS = NO;
				CLANG_ANALYZER_NONNULL = YES;
				CLANG_CXX_LANGUAGE_STANDARD = "gnu++0x";
				CLANG_CXX_LIBRARY = "libc++";
				CLANG_ENABLE_MODULES = YES;
				CLANG_ENABLE_OBJC_ARC = YES;
				CLANG_WARN_BOOL_CONVERSION = YES;
				CLANG_WARN_CONSTANT_CONVERSION = YES;
				CLANG_WARN_DIRECT_OBJC_ISA_USAGE = YES_ERROR;
				CLANG_WARN_DOCUMENTATION_COMMENTS = YES;
				CLANG_WARN_EMPTY_BODY = YES;
				CLANG_WARN_ENUM_CONVERSION = YES;
				CLANG_WARN_INFINITE_RECURSION = YES;
				CLANG_WARN_INT_CONVERSION = YES;
				CLANG_WARN_OBJC_ROOT_CLASS = YES_ERROR;
				CLANG_WARN_SUSPICIOUS_MOVES = YES;
				CLANG_WARN_UNREACHABLE_CODE = YES;
				CLANG_WARN__DUPLICATE_METHOD_MATCH = YES;
				CODE_SIGN_IDENTITY = "-";
				COPY_PHASE_STRIP = NO;
				DEBUG_INFORMATION_FORMAT = dwarf;
				ENABLE_STRICT_OBJC_MSGSEND = YES;
				ENABLE_TESTABILITY = YES;
				GCC_C_LANGUAGE_STANDARD = gnu99;
				GCC_DYNAMIC_NO_PIC = NO;
				GCC_NO_COMMON_BLOCKS = YES;
				GCC_OPTIMIZATION_LEVEL = 0;
				GCC_PREPROCESSOR_DEFINITIONS = (
					"DEBUG=1",
					"$(inherited)",
				);
				GCC_WARN_64_TO_32_BIT_CONVERSION = YES;
				GCC_WARN_ABOUT_RETURN_TYPE = YES_ERROR;
				GCC_WARN_UNDECLARED_SELECTOR = YES;
				GCC_WARN_UNINITIALIZED_AUTOS = YES_AGGRESSIVE;
				GCC_WARN_UNUSED_FUNCTION = YES;
				GCC_WARN_UNUSED_VARIABLE = YES;
				MACOSX_DEPLOYMENT_TARGET = 10.12;
				MTL_ENABLE_DEBUG_INFO = YES;
				ONLY_ACTIVE_ARCH = YES;
				SDKROOT = macosx;
			};
			name = Debug;
		};
		48AD3FA31DB9438600B47CA5 /* Release */ = {
			isa = XCBuildConfiguration;
			buildSettings = {
				ALWAYS_SEARCH_USER_PATHS = NO;
				CLANG_ANALYZER_NONNULL = YES;
				CLANG_CXX_LANGUAGE_STANDARD = "gnu++0x";
				CLANG_CXX_LIBRARY = "libc++";
				CLANG_ENABLE_MODULES = YES;
				CLANG_ENABLE_OBJC_ARC = YES;
				CLANG_WARN_BOOL_CONVERSION = YES;
				CLANG_WARN_CONSTANT_CONVERSION = YES;
				CLANG_WARN_DIRECT_OBJC_ISA_USAGE = YES_ERROR;
				CLANG_WARN_DOCUMENTATION_COMMENTS = YES;
				CLANG_WARN_EMPTY_BODY = YES;
				CLANG_WARN_ENUM_CONVERSION = YES;
				CLANG_WARN_INFINITE_RECURSION = YES;
				CLANG_WARN_INT_CONVERSION = YES;
				CLANG_WARN_OBJC_ROOT_CLASS = YES_ERROR;
				CLANG_WARN_SUSPICIOUS_MOVES = YES;
				CLANG_WARN_UNREACHABLE_CODE = YES;
				CLANG_WARN__DUPLICATE_METHOD_MATCH = YES;
				CODE_SIGN_IDENTITY = "-";
				COPY_PHASE_STRIP = NO;
				DEBUG_INFORMATION_FORMAT = "dwarf-with-dsym";
				ENABLE_NS_ASSERTIONS = NO;
				ENABLE_STRICT_OBJC_MSGSEND = YES;
				GCC_C_LANGUAGE_STANDARD = gnu99;
				GCC_NO_COMMON_BLOCKS = YES;
				GCC_WARN_64_TO_32_BIT_CONVERSION = YES;
				GCC_WARN_ABOUT_RETURN_TYPE = YES_ERROR;
				GCC_WARN_UNDECLARED_SELECTOR = YES;
				GCC_WARN_UNINITIALIZED_AUTOS = YES_AGGRESSIVE;
				GCC_WARN_UNUSED_FUNCTION = YES;
				GCC_WARN_UNUSED_VARIABLE = YES;
				MACOSX_DEPLOYMENT_TARGET = 10.12;
				MTL_ENABLE_DEBUG_INFO = NO;
				SDKROOT = macosx;
			};
			name = Release;
		};
		48AD3FA51DB9438600B47CA5 /* Debug */ = {
			isa = XCBuildConfiguration;
			buildSettings = {
				ASSETCATALOG_COMPILER_APPICON_NAME = AppIcon;
				CODE_SIGN_IDENTITY = "Mac Developer";
				COMBINE_HIDPI_IMAGES = YES;
				DEVELOPMENT_TEAM = 3H49MXS325;
				INFOPLIST_FILE = notify/Info.plist;
				LD_RUNPATH_SEARCH_PATHS = "$(inherited) @executable_path/../Frameworks";
				MACOSX_DEPLOYMENT_TARGET = 10.6;
				PRODUCT_BUNDLE_IDENTIFIER = co.m4x.notify;
				PRODUCT_NAME = "$(TARGET_NAME)";
			};
			name = Debug;
		};
		48AD3FA61DB9438600B47CA5 /* Release */ = {
			isa = XCBuildConfiguration;
			buildSettings = {
				ASSETCATALOG_COMPILER_APPICON_NAME = AppIcon;
				CODE_SIGN_IDENTITY = "Mac Developer";
				COMBINE_HIDPI_IMAGES = YES;
				DEVELOPMENT_TEAM = 3H49MXS325;
				INFOPLIST_FILE = notify/Info.plist;
				LD_RUNPATH_SEARCH_PATHS = "$(inherited) @executable_path/../Frameworks";
				MACOSX_DEPLOYMENT_TARGET = 10.6;
				PRODUCT_BUNDLE_IDENTIFIER = co.m4x.notify;
				PRODUCT_NAME = "$(TARGET_NAME)";
			};
			name = Release;
		};
/* End XCBuildConfiguration section */

/* Begin XCConfigurationList section */
		48AD3F8B1DB9438600B47CA5 /* Build configuration list for PBXProject "notify" */ = {
			isa = XCConfigurationList;
			buildConfigurations = (
				48AD3FA21DB9438600B47CA5 /* Debug */,
				48AD3FA31DB9438600B47CA5 /* Release */,
			);
			defaultConfigurationIsVisible = 0;
			defaultConfigurationName = Release;
		};
		48AD3FA41DB9438600B47CA5 /* Build configuration list for PBXNativeTarget "notify" */ = {
			isa = XCConfigurationList;
			buildConfigurations = (
				48AD3FA51DB9438600B47CA5 /* Debug */,
				48AD3FA61DB9438600B47CA5 /* Release */,
			);
			defaultConfigurationIsVisible = 0;
			defaultConfigurationName = Release;
		};
/* End XCConfigurationList section */
	};
	rootObject = 48AD3F881DB9438600B47CA5 /* Project object */;
}
