// !$*UTF8*$!
{
	archiveVersion = 1;
	classes = {
	};
	objectVersion = 46;
	objects = {

/* Begin PBXBuildFile section */
		3486AF5B90ADCF406A866D70 /* Pods_notifi.framework in Frameworks */ = {isa = PBXBuildFile; fileRef = CB203359588D007975D84CFB /* Pods_notifi.framework */; };
		48110582201F731C004D2040 /* NSView+Animate.m in Sources */ = {isa = PBXBuildFile; fileRef = 48110581201F731C004D2040 /* NSView+Animate.m */; };
		48110588201FEB2D004D2040 /* MainWindow.m in Sources */ = {isa = PBXBuildFile; fileRef = 48110587201FEB2D004D2040 /* MainWindow.m */; };
		48125A3E1EE8484600C3245B /* KPCScaleToFillNSImageView.m in Sources */ = {isa = PBXBuildFile; fileRef = 48125A3C1EE8484600C3245B /* KPCScaleToFillNSImageView.m */; };
		481695741F046523003D6023 /* Credits.html in Resources */ = {isa = PBXBuildFile; fileRef = 481695731F046523003D6023 /* Credits.html */; };
		482C8A931E09742400E5C173 /* MyApplication.m in Sources */ = {isa = PBXBuildFile; fileRef = 482C8A921E09742400E5C173 /* MyApplication.m */; };
		482C8A9D1E0B0D0700E5C173 /* CoreData.framework in Frameworks */ = {isa = PBXBuildFile; fileRef = 482C8A9C1E0B0D0700E5C173 /* CoreData.framework */; };
		482C8A9F1E0B0D4000E5C173 /* AppKit.framework in Frameworks */ = {isa = PBXBuildFile; fileRef = 482C8A9E1E0B0D4000E5C173 /* AppKit.framework */; };
		484935CE2018DB6700ED058A /* CustomFunctions.m in Sources */ = {isa = PBXBuildFile; fileRef = 484935CD2018DB6700ED058A /* CustomFunctions.m */; };
		484935D12018DFB400ED058A /* Socket.m in Sources */ = {isa = PBXBuildFile; fileRef = 484935D02018DFB400ED058A /* Socket.m */; };
		484935D420194B9200ED058A /* Log.m in Sources */ = {isa = PBXBuildFile; fileRef = 484935D320194B9200ED058A /* Log.m */; };
		486FA2CD1F2FA2FA008E7492 /* sad.png in Resources */ = {isa = PBXBuildFile; fileRef = 486FA2CC1F2FA2FA008E7492 /* sad.png */; };
		487652DE1E01BFD900D0CE3B /* menu_error_bellicon.png in Resources */ = {isa = PBXBuildFile; fileRef = 487652DD1E01BFD900D0CE3B /* menu_error_bellicon.png */; };
		48785DCC2018A1170078F388 /* SettingsMenu.m in Sources */ = {isa = PBXBuildFile; fileRef = 48785DCB2018A1170078F388 /* SettingsMenu.m */; };
		48785DD12018B2710078F388 /* Keys.m in Sources */ = {isa = PBXBuildFile; fileRef = 48785DD02018B2710078F388 /* Keys.m */; };
		4892A25B2015304B003F56EC /* Notification.m in Sources */ = {isa = PBXBuildFile; fileRef = 4892A25A2015304B003F56EC /* Notification.m */; };
		4892A2642015315F003F56EC /* NotificationTable.m in Sources */ = {isa = PBXBuildFile; fileRef = 4892A2632015315F003F56EC /* NotificationTable.m */; };
		4892A26720153204003F56EC /* ControllButton.m in Sources */ = {isa = PBXBuildFile; fileRef = 4892A26620153204003F56EC /* ControllButton.m */; };
		4892A26A20153242003F56EC /* NotificationImage.m in Sources */ = {isa = PBXBuildFile; fileRef = 4892A26920153242003F56EC /* NotificationImage.m */; };
		4892A26D20153271003F56EC /* Cog.m in Sources */ = {isa = PBXBuildFile; fileRef = 4892A26C20153271003F56EC /* Cog.m */; };
		4892A270201532B0003F56EC /* NotificationLink.m in Sources */ = {isa = PBXBuildFile; fileRef = 4892A26F201532B0003F56EC /* NotificationLink.m */; };
		4892A273201532E5003F56EC /* NotificationLabel.m in Sources */ = {isa = PBXBuildFile; fileRef = 4892A272201532E5003F56EC /* NotificationLabel.m */; };
		4892A27620153559003F56EC /* NSImage+Rotate.m in Sources */ = {isa = PBXBuildFile; fileRef = 4892A27520153559003F56EC /* NSImage+Rotate.m */; };
		4892A27C20153BD8003F56EC /* CustomVars.m in Sources */ = {isa = PBXBuildFile; fileRef = 4892A27B20153BD8003F56EC /* CustomVars.m */; };
		48AD3F951DB9438600B47CA5 /* AppDelegate.m in Sources */ = {isa = PBXBuildFile; fileRef = 48AD3F941DB9438600B47CA5 /* AppDelegate.m */; };
		48AD3F981DB9438600B47CA5 /* main.m in Sources */ = {isa = PBXBuildFile; fileRef = 48AD3F971DB9438600B47CA5 /* main.m */; };
		48AD3FA91DBA500100B47CA5 /* Security.framework in Frameworks */ = {isa = PBXBuildFile; fileRef = 48AD3FA81DBA500100B47CA5 /* Security.framework */; };
		48AE54B61E04480800E8777F /* up_arrow.png in Resources */ = {isa = PBXBuildFile; fileRef = 48AE54B51E04480800E8777F /* up_arrow.png */; };
		48AE54B81E0451EA00E8777F /* bell.png in Resources */ = {isa = PBXBuildFile; fileRef = 48AE54B71E0451EA00E8777F /* bell.png */; };
		48AE54C41E05E65B00E8777F /* alert_menu_bellicon.png in Resources */ = {isa = PBXBuildFile; fileRef = 48AE54C31E05E65B00E8777F /* alert_menu_bellicon.png */; };
		48B028311DBBAC51007D2462 /* menu_bellicon.png in Resources */ = {isa = PBXBuildFile; fileRef = 48B028301DBBAC51007D2462 /* menu_bellicon.png */; };
		48D4C208203E1F24002AA814 /* link.png in Resources */ = {isa = PBXBuildFile; fileRef = 48D4C207203E1F23002AA814 /* link.png */; };
		48D4C20A203E20A1002AA814 /* cog.png in Resources */ = {isa = PBXBuildFile; fileRef = 48D4C209203E20A0002AA814 /* cog.png */; };
		48DD0F061E1BC57D00773859 /* Assets.xcassets in Resources */ = {isa = PBXBuildFile; fileRef = 48DD0F051E1BC57D00773859 /* Assets.xcassets */; };
		48E49A901E1D9DFF00DE3DBE /* fonts in Resources */ = {isa = PBXBuildFile; fileRef = 48E49A8F1E1D9DFF00DE3DBE /* fonts */; };
		D6320E1C2068074A00E9327A /* mark-all-read.png in Resources */ = {isa = PBXBuildFile; fileRef = D6320E1A2068074900E9327A /* mark-all-read.png */; };
		D6320E1D2068074A00E9327A /* delete-all.png in Resources */ = {isa = PBXBuildFile; fileRef = D6320E1B2068074A00E9327A /* delete-all.png */; };
		D65EE08420376D6700CD589D /* MenuBarClass.m in Sources */ = {isa = PBXBuildFile; fileRef = D65EE08320376D6700CD589D /* MenuBarClass.m */; };
		D6C0F86A20371C39008673E3 /* LOOCryptString.m in Sources */ = {isa = PBXBuildFile; fileRef = D6C0F86920371C39008673E3 /* LOOCryptString.m */; };
		D6C0F8712037261D008673E3 /* User.m in Sources */ = {isa = PBXBuildFile; fileRef = D6C0F8702037261D008673E3 /* User.m */; };
		D6C0F874203732F8008673E3 /* MenuWindow.m in Sources */ = {isa = PBXBuildFile; fileRef = D6C0F873203732F8008673E3 /* MenuWindow.m */; };
/* End PBXBuildFile section */

/* Begin PBXFileReference section */
		48110580201F731C004D2040 /* NSView+Animate.h */ = {isa = PBXFileReference; lastKnownFileType = sourcecode.c.h; path = "NSView+Animate.h"; sourceTree = "<group>"; };
		48110581201F731C004D2040 /* NSView+Animate.m */ = {isa = PBXFileReference; lastKnownFileType = sourcecode.c.objc; path = "NSView+Animate.m"; sourceTree = "<group>"; };
		48110586201FEB2D004D2040 /* MainWindow.h */ = {isa = PBXFileReference; lastKnownFileType = sourcecode.c.h; path = MainWindow.h; sourceTree = "<group>"; };
		48110587201FEB2D004D2040 /* MainWindow.m */ = {isa = PBXFileReference; lastKnownFileType = sourcecode.c.objc; path = MainWindow.m; sourceTree = "<group>"; };
		48125A3C1EE8484600C3245B /* KPCScaleToFillNSImageView.m */ = {isa = PBXFileReference; fileEncoding = 4; lastKnownFileType = sourcecode.c.objc; path = KPCScaleToFillNSImageView.m; sourceTree = "<group>"; };
		48125A3D1EE8484600C3245B /* KPCScaleToFillNSImageView.h */ = {isa = PBXFileReference; fileEncoding = 4; lastKnownFileType = sourcecode.c.h; path = KPCScaleToFillNSImageView.h; sourceTree = "<group>"; };
		481695731F046523003D6023 /* Credits.html */ = {isa = PBXFileReference; fileEncoding = 4; lastKnownFileType = text.html; path = Credits.html; sourceTree = "<group>"; };
		482C8A921E09742400E5C173 /* MyApplication.m */ = {isa = PBXFileReference; fileEncoding = 4; lastKnownFileType = sourcecode.c.objc; path = MyApplication.m; sourceTree = "<group>"; };
		482C8A941E09743100E5C173 /* MyApplication.h */ = {isa = PBXFileReference; lastKnownFileType = sourcecode.c.h; path = MyApplication.h; sourceTree = "<group>"; };
		482C8A9C1E0B0D0700E5C173 /* CoreData.framework */ = {isa = PBXFileReference; lastKnownFileType = wrapper.framework; name = CoreData.framework; path = System/Library/Frameworks/CoreData.framework; sourceTree = SDKROOT; };
		482C8A9E1E0B0D4000E5C173 /* AppKit.framework */ = {isa = PBXFileReference; lastKnownFileType = wrapper.framework; name = AppKit.framework; path = System/Library/Frameworks/AppKit.framework; sourceTree = SDKROOT; };
		484935CC2018DB6700ED058A /* CustomFunctions.h */ = {isa = PBXFileReference; lastKnownFileType = sourcecode.c.h; path = CustomFunctions.h; sourceTree = "<group>"; };
		484935CD2018DB6700ED058A /* CustomFunctions.m */ = {isa = PBXFileReference; lastKnownFileType = sourcecode.c.objc; path = CustomFunctions.m; sourceTree = "<group>"; };
		484935CF2018DFB400ED058A /* Socket.h */ = {isa = PBXFileReference; lastKnownFileType = sourcecode.c.h; path = Socket.h; sourceTree = "<group>"; };
		484935D02018DFB400ED058A /* Socket.m */ = {isa = PBXFileReference; lastKnownFileType = sourcecode.c.objc; path = Socket.m; sourceTree = "<group>"; };
		484935D220194B9200ED058A /* Log.h */ = {isa = PBXFileReference; lastKnownFileType = sourcecode.c.h; path = Log.h; sourceTree = "<group>"; };
		484935D320194B9200ED058A /* Log.m */ = {isa = PBXFileReference; lastKnownFileType = sourcecode.c.objc; path = Log.m; sourceTree = "<group>"; };
		486FA2CC1F2FA2FA008E7492 /* sad.png */ = {isa = PBXFileReference; lastKnownFileType = image.png; path = sad.png; sourceTree = "<group>"; };
		487652DD1E01BFD900D0CE3B /* menu_error_bellicon.png */ = {isa = PBXFileReference; lastKnownFileType = image.png; path = menu_error_bellicon.png; sourceTree = "<group>"; };
		48785DCA2018A1170078F388 /* SettingsMenu.h */ = {isa = PBXFileReference; lastKnownFileType = sourcecode.c.h; path = SettingsMenu.h; sourceTree = "<group>"; };
		48785DCB2018A1170078F388 /* SettingsMenu.m */ = {isa = PBXFileReference; lastKnownFileType = sourcecode.c.objc; path = SettingsMenu.m; sourceTree = "<group>"; };
		48785DCF2018B2710078F388 /* Keys.h */ = {isa = PBXFileReference; lastKnownFileType = sourcecode.c.h; path = Keys.h; sourceTree = "<group>"; };
		48785DD02018B2710078F388 /* Keys.m */ = {isa = PBXFileReference; lastKnownFileType = sourcecode.c.objc; path = Keys.m; sourceTree = "<group>"; };
		488F6B521E80A84C00B7809C /* CoreImage.framework */ = {isa = PBXFileReference; lastKnownFileType = wrapper.framework; name = CoreImage.framework; path = System/Library/Frameworks/CoreImage.framework; sourceTree = SDKROOT; };
		4892A25A2015304B003F56EC /* Notification.m */ = {isa = PBXFileReference; lastKnownFileType = sourcecode.c.objc; path = Notification.m; sourceTree = "<group>"; };
		4892A2632015315F003F56EC /* NotificationTable.m */ = {isa = PBXFileReference; lastKnownFileType = sourcecode.c.objc; path = NotificationTable.m; sourceTree = "<group>"; };
		4892A26520153204003F56EC /* ControllButton.h */ = {isa = PBXFileReference; lastKnownFileType = sourcecode.c.h; path = ControllButton.h; sourceTree = "<group>"; };
		4892A26620153204003F56EC /* ControllButton.m */ = {isa = PBXFileReference; lastKnownFileType = sourcecode.c.objc; path = ControllButton.m; sourceTree = "<group>"; };
		4892A26820153242003F56EC /* NotificationImage.h */ = {isa = PBXFileReference; lastKnownFileType = sourcecode.c.h; path = NotificationImage.h; sourceTree = "<group>"; };
		4892A26920153242003F56EC /* NotificationImage.m */ = {isa = PBXFileReference; lastKnownFileType = sourcecode.c.objc; path = NotificationImage.m; sourceTree = "<group>"; };
		4892A26B20153271003F56EC /* Cog.h */ = {isa = PBXFileReference; lastKnownFileType = sourcecode.c.h; path = Cog.h; sourceTree = "<group>"; };
		4892A26C20153271003F56EC /* Cog.m */ = {isa = PBXFileReference; lastKnownFileType = sourcecode.c.objc; path = Cog.m; sourceTree = "<group>"; };
		4892A26E201532B0003F56EC /* NotificationLink.h */ = {isa = PBXFileReference; lastKnownFileType = sourcecode.c.h; path = NotificationLink.h; sourceTree = "<group>"; };
		4892A26F201532B0003F56EC /* NotificationLink.m */ = {isa = PBXFileReference; lastKnownFileType = sourcecode.c.objc; path = NotificationLink.m; sourceTree = "<group>"; };
		4892A271201532E5003F56EC /* NotificationLabel.h */ = {isa = PBXFileReference; lastKnownFileType = sourcecode.c.h; path = NotificationLabel.h; sourceTree = "<group>"; };
		4892A272201532E5003F56EC /* NotificationLabel.m */ = {isa = PBXFileReference; lastKnownFileType = sourcecode.c.objc; path = NotificationLabel.m; sourceTree = "<group>"; };
		4892A27420153559003F56EC /* NSImage+Rotate.h */ = {isa = PBXFileReference; lastKnownFileType = sourcecode.c.h; path = "NSImage+Rotate.h"; sourceTree = "<group>"; };
		4892A27520153559003F56EC /* NSImage+Rotate.m */ = {isa = PBXFileReference; lastKnownFileType = sourcecode.c.objc; path = "NSImage+Rotate.m"; sourceTree = "<group>"; };
		4892A278201535F8003F56EC /* Notification.h */ = {isa = PBXFileReference; lastKnownFileType = sourcecode.c.h; path = Notification.h; sourceTree = "<group>"; };
		4892A27920153677003F56EC /* NotificationTable.h */ = {isa = PBXFileReference; lastKnownFileType = sourcecode.c.h; path = NotificationTable.h; sourceTree = "<group>"; };
		4892A27A2015385A003F56EC /* CustomVars.h */ = {isa = PBXFileReference; lastKnownFileType = sourcecode.c.h; path = CustomVars.h; sourceTree = "<group>"; };
		4892A27B20153BD8003F56EC /* CustomVars.m */ = {isa = PBXFileReference; lastKnownFileType = sourcecode.c.objc; path = CustomVars.m; sourceTree = "<group>"; };
		48AD3F901DB9438600B47CA5 /* notifi.app */ = {isa = PBXFileReference; explicitFileType = wrapper.application; includeInIndex = 0; path = notifi.app; sourceTree = BUILT_PRODUCTS_DIR; };
		48AD3F931DB9438600B47CA5 /* AppDelegate.h */ = {isa = PBXFileReference; lastKnownFileType = sourcecode.c.h; path = AppDelegate.h; sourceTree = "<group>"; };
		48AD3F941DB9438600B47CA5 /* AppDelegate.m */ = {isa = PBXFileReference; lastKnownFileType = sourcecode.c.objc; path = AppDelegate.m; sourceTree = "<group>"; };
		48AD3F971DB9438600B47CA5 /* main.m */ = {isa = PBXFileReference; lastKnownFileType = sourcecode.c.objc; path = main.m; sourceTree = "<group>"; };
		48AD3FA11DB9438600B47CA5 /* Info.plist */ = {isa = PBXFileReference; lastKnownFileType = text.plist.xml; path = Info.plist; sourceTree = "<group>"; };
		48AD3FA81DBA500100B47CA5 /* Security.framework */ = {isa = PBXFileReference; lastKnownFileType = wrapper.framework; name = Security.framework; path = System/Library/Frameworks/Security.framework; sourceTree = SDKROOT; };
		48AE54B51E04480800E8777F /* up_arrow.png */ = {isa = PBXFileReference; lastKnownFileType = image.png; path = up_arrow.png; sourceTree = "<group>"; };
		48AE54B71E0451EA00E8777F /* bell.png */ = {isa = PBXFileReference; lastKnownFileType = image.png; path = bell.png; sourceTree = "<group>"; };
		48AE54C31E05E65B00E8777F /* alert_menu_bellicon.png */ = {isa = PBXFileReference; lastKnownFileType = image.png; path = alert_menu_bellicon.png; sourceTree = "<group>"; };
		48B028301DBBAC51007D2462 /* menu_bellicon.png */ = {isa = PBXFileReference; lastKnownFileType = image.png; path = menu_bellicon.png; sourceTree = "<group>"; };
		48D4C207203E1F23002AA814 /* link.png */ = {isa = PBXFileReference; lastKnownFileType = image.png; path = link.png; sourceTree = "<group>"; };
		48D4C209203E20A0002AA814 /* cog.png */ = {isa = PBXFileReference; lastKnownFileType = image.png; path = cog.png; sourceTree = "<group>"; };
		48DD0F051E1BC57D00773859 /* Assets.xcassets */ = {isa = PBXFileReference; lastKnownFileType = folder.assetcatalog; path = Assets.xcassets; sourceTree = "<group>"; };
		48E49A8F1E1D9DFF00DE3DBE /* fonts */ = {isa = PBXFileReference; lastKnownFileType = folder; path = fonts; sourceTree = "<group>"; };
		AAEBB28D4838A0B7433B417E /* Pods-notifi.release.xcconfig */ = {isa = PBXFileReference; includeInIndex = 1; lastKnownFileType = text.xcconfig; name = "Pods-notifi.release.xcconfig"; path = "Pods/Target Support Files/Pods-notifi/Pods-notifi.release.xcconfig"; sourceTree = "<group>"; };
		C6C13AC51C186348B3AE43D0 /* Pods-notifi.debug.xcconfig */ = {isa = PBXFileReference; includeInIndex = 1; lastKnownFileType = text.xcconfig; name = "Pods-notifi.debug.xcconfig"; path = "Pods/Target Support Files/Pods-notifi/Pods-notifi.debug.xcconfig"; sourceTree = "<group>"; };
		CB203359588D007975D84CFB /* Pods_notifi.framework */ = {isa = PBXFileReference; explicitFileType = wrapper.framework; includeInIndex = 0; path = Pods_notifi.framework; sourceTree = BUILT_PRODUCTS_DIR; };
		D6320E1A2068074900E9327A /* mark-all-read.png */ = {isa = PBXFileReference; lastKnownFileType = image.png; path = "mark-all-read.png"; sourceTree = "<group>"; };
		D6320E1B2068074A00E9327A /* delete-all.png */ = {isa = PBXFileReference; lastKnownFileType = image.png; path = "delete-all.png"; sourceTree = "<group>"; };
		D65EE08220376D6700CD589D /* MenuBarClass.h */ = {isa = PBXFileReference; lastKnownFileType = sourcecode.c.h; path = MenuBarClass.h; sourceTree = "<group>"; };
		D65EE08320376D6700CD589D /* MenuBarClass.m */ = {isa = PBXFileReference; lastKnownFileType = sourcecode.c.objc; path = MenuBarClass.m; sourceTree = "<group>"; };
		D6C0F86820371C39008673E3 /* LOOCryptString.h */ = {isa = PBXFileReference; fileEncoding = 4; lastKnownFileType = sourcecode.c.h; path = LOOCryptString.h; sourceTree = "<group>"; };
		D6C0F86920371C39008673E3 /* LOOCryptString.m */ = {isa = PBXFileReference; fileEncoding = 4; lastKnownFileType = sourcecode.c.objc; path = LOOCryptString.m; sourceTree = "<group>"; };
		D6C0F86F2037261D008673E3 /* User.h */ = {isa = PBXFileReference; lastKnownFileType = sourcecode.c.h; path = User.h; sourceTree = "<group>"; };
		D6C0F8702037261D008673E3 /* User.m */ = {isa = PBXFileReference; lastKnownFileType = sourcecode.c.objc; path = User.m; sourceTree = "<group>"; };
		D6C0F872203732F8008673E3 /* MenuWindow.h */ = {isa = PBXFileReference; lastKnownFileType = sourcecode.c.h; path = MenuWindow.h; sourceTree = "<group>"; };
		D6C0F873203732F8008673E3 /* MenuWindow.m */ = {isa = PBXFileReference; lastKnownFileType = sourcecode.c.objc; path = MenuWindow.m; sourceTree = "<group>"; };
/* End PBXFileReference section */

/* Begin PBXFrameworksBuildPhase section */
		48AD3F8D1DB9438600B47CA5 /* Frameworks */ = {
			isa = PBXFrameworksBuildPhase;
			buildActionMask = 2147483647;
			files = (
				482C8A9F1E0B0D4000E5C173 /* AppKit.framework in Frameworks */,
				482C8A9D1E0B0D0700E5C173 /* CoreData.framework in Frameworks */,
				48AD3FA91DBA500100B47CA5 /* Security.framework in Frameworks */,
				3486AF5B90ADCF406A866D70 /* Pods_notifi.framework in Frameworks */,
			);
			runOnlyForDeploymentPostprocessing = 0;
		};
/* End PBXFrameworksBuildPhase section */

/* Begin PBXGroup section */
		0A355C312C783A79B37DE92A /* Pods */ = {
			isa = PBXGroup;
			children = (
				C6C13AC51C186348B3AE43D0 /* Pods-notifi.debug.xcconfig */,
				AAEBB28D4838A0B7433B417E /* Pods-notifi.release.xcconfig */,
			);
			name = Pods;
			sourceTree = "<group>";
		};
		48785DCD2018A5D70078F388 /* Notification */ = {
			isa = PBXGroup;
			children = (
				4892A278201535F8003F56EC /* Notification.h */,
				4892A25A2015304B003F56EC /* Notification.m */,
				4892A26820153242003F56EC /* NotificationImage.h */,
				4892A26920153242003F56EC /* NotificationImage.m */,
				4892A26E201532B0003F56EC /* NotificationLink.h */,
				4892A26F201532B0003F56EC /* NotificationLink.m */,
				4892A271201532E5003F56EC /* NotificationLabel.h */,
				4892A272201532E5003F56EC /* NotificationLabel.m */,
				4892A27920153677003F56EC /* NotificationTable.h */,
				4892A2632015315F003F56EC /* NotificationTable.m */,
			);
			name = Notification;
			sourceTree = "<group>";
		};
		48785DCE2018B2390078F388 /* GUI */ = {
			isa = PBXGroup;
			children = (
				48785DCD2018A5D70078F388 /* Notification */,
				4892A26B20153271003F56EC /* Cog.h */,
				4892A26C20153271003F56EC /* Cog.m */,
				4892A26520153204003F56EC /* ControllButton.h */,
				4892A26620153204003F56EC /* ControllButton.m */,
				48785DCA2018A1170078F388 /* SettingsMenu.h */,
				48785DCB2018A1170078F388 /* SettingsMenu.m */,
				48110586201FEB2D004D2040 /* MainWindow.h */,
				48110587201FEB2D004D2040 /* MainWindow.m */,
				D65EE08220376D6700CD589D /* MenuBarClass.h */,
				D65EE08320376D6700CD589D /* MenuBarClass.m */,
			);
			name = GUI;
			sourceTree = "<group>";
		};
		4892A27720153581003F56EC /* Custom Classes */ = {
			isa = PBXGroup;
			children = (
				48785DCE2018B2390078F388 /* GUI */,
				D6C0F875203737E3008673E3 /* Frameworks */,
				D6C0F86F2037261D008673E3 /* User.h */,
				D6C0F8702037261D008673E3 /* User.m */,
				4892A27A2015385A003F56EC /* CustomVars.h */,
				4892A27B20153BD8003F56EC /* CustomVars.m */,
				484935CC2018DB6700ED058A /* CustomFunctions.h */,
				484935CD2018DB6700ED058A /* CustomFunctions.m */,
			);
			name = "Custom Classes";
			sourceTree = "<group>";
		};
		48AD3F871DB9438600B47CA5 = {
			isa = PBXGroup;
			children = (
				48AD3F921DB9438600B47CA5 /* notifi */,
				48AD3F911DB9438600B47CA5 /* Products */,
				48AD3FA71DBA500100B47CA5 /* Frameworks */,
				0A355C312C783A79B37DE92A /* Pods */,
			);
			sourceTree = "<group>";
		};
		48AD3F911DB9438600B47CA5 /* Products */ = {
			isa = PBXGroup;
			children = (
				48AD3F901DB9438600B47CA5 /* notifi.app */,
			);
			name = Products;
			sourceTree = "<group>";
		};
		48AD3F921DB9438600B47CA5 /* notifi */ = {
			isa = PBXGroup;
			children = (
				48AD3F931DB9438600B47CA5 /* AppDelegate.h */,
				48AD3F941DB9438600B47CA5 /* AppDelegate.m */,
				48DD0F051E1BC57D00773859 /* Assets.xcassets */,
				48AD3FA11DB9438600B47CA5 /* Info.plist */,
				D6C0F86E20372122008673E3 /* images */,
				48E49A8F1E1D9DFF00DE3DBE /* fonts */,
				48AD3F961DB9438600B47CA5 /* Supporting Files */,
				482C8A941E09743100E5C173 /* MyApplication.h */,
				482C8A921E09742400E5C173 /* MyApplication.m */,
				481695731F046523003D6023 /* Credits.html */,
				D6C0F86B20371C3F008673E3 /* Classes */,
				4892A27720153581003F56EC /* Custom Classes */,
			);
			path = notifi;
			sourceTree = "<group>";
		};
		48AD3F961DB9438600B47CA5 /* Supporting Files */ = {
			isa = PBXGroup;
			children = (
				48AD3F971DB9438600B47CA5 /* main.m */,
			);
			name = "Supporting Files";
			sourceTree = "<group>";
		};
		48AD3FA71DBA500100B47CA5 /* Frameworks */ = {
			isa = PBXGroup;
			children = (
				488F6B521E80A84C00B7809C /* CoreImage.framework */,
				482C8A9E1E0B0D4000E5C173 /* AppKit.framework */,
				482C8A9C1E0B0D0700E5C173 /* CoreData.framework */,
				48AD3FA81DBA500100B47CA5 /* Security.framework */,
				CB203359588D007975D84CFB /* Pods_notifi.framework */,
			);
			name = Frameworks;
			sourceTree = "<group>";
		};
		D6C0F86B20371C3F008673E3 /* Classes */ = {
			isa = PBXGroup;
			children = (
				48125A3C1EE8484600C3245B /* KPCScaleToFillNSImageView.m */,
				48125A3D1EE8484600C3245B /* KPCScaleToFillNSImageView.h */,
				D6C0F86820371C39008673E3 /* LOOCryptString.h */,
				D6C0F86920371C39008673E3 /* LOOCryptString.m */,
			);
			name = Classes;
			sourceTree = "<group>";
		};
		D6C0F86E20372122008673E3 /* images */ = {
			isa = PBXGroup;
			children = (
				48AE54B51E04480800E8777F /* up_arrow.png */,
				487652DD1E01BFD900D0CE3B /* menu_error_bellicon.png */,
				48B028301DBBAC51007D2462 /* menu_bellicon.png */,
				48AE54C31E05E65B00E8777F /* alert_menu_bellicon.png */,
				48AE54B71E0451EA00E8777F /* bell.png */,
				486FA2CC1F2FA2FA008E7492 /* sad.png */,
				48D4C207203E1F23002AA814 /* link.png */,
				48D4C209203E20A0002AA814 /* cog.png */,
				D6320E1B2068074A00E9327A /* delete-all.png */,
				D6320E1A2068074900E9327A /* mark-all-read.png */,
			);
			name = images;
			sourceTree = "<group>";
		};
		D6C0F875203737E3008673E3 /* Frameworks */ = {
			isa = PBXGroup;
			children = (
				D6C0F872203732F8008673E3 /* MenuWindow.h */,
				D6C0F873203732F8008673E3 /* MenuWindow.m */,
				48785DCF2018B2710078F388 /* Keys.h */,
				48785DD02018B2710078F388 /* Keys.m */,
				484935CF2018DFB400ED058A /* Socket.h */,
				484935D02018DFB400ED058A /* Socket.m */,
				484935D220194B9200ED058A /* Log.h */,
				484935D320194B9200ED058A /* Log.m */,
				48110580201F731C004D2040 /* NSView+Animate.h */,
				48110581201F731C004D2040 /* NSView+Animate.m */,
				4892A27420153559003F56EC /* NSImage+Rotate.h */,
				4892A27520153559003F56EC /* NSImage+Rotate.m */,
			);
			name = Frameworks;
			sourceTree = "<group>";
		};
/* End PBXGroup section */

/* Begin PBXNativeTarget section */
		48AD3F8F1DB9438600B47CA5 /* notifi */ = {
			isa = PBXNativeTarget;
			buildConfigurationList = 48AD3FA41DB9438600B47CA5 /* Build configuration list for PBXNativeTarget "notifi" */;
			buildPhases = (
				432519AB3F04C11B2A09AD03 /* [CP] Check Pods Manifest.lock */,
				D6C0F86C20371C77008673E3 /* Write Secret Server Code */,
				48AD3F8C1DB9438600B47CA5 /* Sources */,
				D6C0F86D20371CC6008673E3 /* Remove Secret Server Code */,
				48AD3F8D1DB9438600B47CA5 /* Frameworks */,
				48AD3F8E1DB9438600B47CA5 /* Resources */,
				6B6781832190895796A18A4B /* [CP] Embed Pods Frameworks */,
				A79750A7DB3D6D666F5FF9E7 /* [CP] Copy Pods Resources */,
			);
			buildRules = (
			);
			dependencies = (
			);
			name = notifi;
			productName = notify;
			productReference = 48AD3F901DB9438600B47CA5 /* notifi.app */;
			productType = "com.apple.product-type.application";
		};
/* End PBXNativeTarget section */

/* Begin PBXProject section */
		48AD3F881DB9438600B47CA5 /* Project object */ = {
			isa = PBXProject;
			attributes = {
				LastUpgradeCheck = 0900;
				ORGANIZATIONNAME = "max mitchell";
				TargetAttributes = {
					48AD3F8F1DB9438600B47CA5 = {
						CreatedOnToolsVersion = 8.0;
						DevelopmentTeam = 3H49MXS325;
						ProvisioningStyle = Automatic;
					};
				};
			};
			buildConfigurationList = 48AD3F8B1DB9438600B47CA5 /* Build configuration list for PBXProject "notifi" */;
			compatibilityVersion = "Xcode 3.2";
			developmentRegion = English;
			hasScannedForEncodings = 0;
			knownRegions = (
				en,
				Base,
			);
			mainGroup = 48AD3F871DB9438600B47CA5;
			productRefGroup = 48AD3F911DB9438600B47CA5 /* Products */;
			projectDirPath = "";
			projectRoot = "";
			targets = (
				48AD3F8F1DB9438600B47CA5 /* notifi */,
			);
		};
/* End PBXProject section */

/* Begin PBXResourcesBuildPhase section */
		48AD3F8E1DB9438600B47CA5 /* Resources */ = {
			isa = PBXResourcesBuildPhase;
			buildActionMask = 2147483647;
			files = (
				48AE54C41E05E65B00E8777F /* alert_menu_bellicon.png in Resources */,
				48DD0F061E1BC57D00773859 /* Assets.xcassets in Resources */,
				486FA2CD1F2FA2FA008E7492 /* sad.png in Resources */,
				48D4C208203E1F24002AA814 /* link.png in Resources */,
				487652DE1E01BFD900D0CE3B /* menu_error_bellicon.png in Resources */,
				48AE54B81E0451EA00E8777F /* bell.png in Resources */,
				D6320E1C2068074A00E9327A /* mark-all-read.png in Resources */,
				48AE54B61E04480800E8777F /* up_arrow.png in Resources */,
				48B028311DBBAC51007D2462 /* menu_bellicon.png in Resources */,
				48E49A901E1D9DFF00DE3DBE /* fonts in Resources */,
				D6320E1D2068074A00E9327A /* delete-all.png in Resources */,
				481695741F046523003D6023 /* Credits.html in Resources */,
				48D4C20A203E20A1002AA814 /* cog.png in Resources */,
			);
			runOnlyForDeploymentPostprocessing = 0;
		};
/* End PBXResourcesBuildPhase section */

/* Begin PBXShellScriptBuildPhase section */
		432519AB3F04C11B2A09AD03 /* [CP] Check Pods Manifest.lock */ = {
			isa = PBXShellScriptBuildPhase;
			buildActionMask = 2147483647;
			files = (
			);
			inputPaths = (
				"${PODS_PODFILE_DIR_PATH}/Podfile.lock",
				"${PODS_ROOT}/Manifest.lock",
			);
			name = "[CP] Check Pods Manifest.lock";
			outputPaths = (
				"$(DERIVED_FILE_DIR)/Pods-notifi-checkManifestLockResult.txt",
			);
			runOnlyForDeploymentPostprocessing = 0;
			shellPath = /bin/sh;
			shellScript = "diff \"${PODS_PODFILE_DIR_PATH}/Podfile.lock\" \"${PODS_ROOT}/Manifest.lock\" > /dev/null\nif [ $? != 0 ] ; then\n    # print error to STDERR\n    echo \"error: The sandbox is not in sync with the Podfile.lock. Run 'pod install' or update your CocoaPods installation.\" >&2\n    exit 1\nfi\n# This output is used by Xcode 'outputs' to avoid re-running this script phase.\necho \"SUCCESS\" > \"${SCRIPT_OUTPUT_FILE_0}\"\n";
			showEnvVarsInLog = 0;
		};
		6B6781832190895796A18A4B /* [CP] Embed Pods Frameworks */ = {
			isa = PBXShellScriptBuildPhase;
			buildActionMask = 2147483647;
			files = (
			);
			inputPaths = (
				"${SRCROOT}/Pods/Target Support Files/Pods-notifi/Pods-notifi-frameworks.sh",
				"${BUILT_PRODUCTS_DIR}/CocoaLumberjack/CocoaLumberjack.framework",
				"${BUILT_PRODUCTS_DIR}/SAMKeychain/SAMKeychain.framework",
				"${BUILT_PRODUCTS_DIR}/SDWebImage/SDWebImage.framework",
				"${BUILT_PRODUCTS_DIR}/STHTTPRequest/STHTTPRequest.framework",
				"${BUILT_PRODUCTS_DIR}/SocketRocket/SocketRocket.framework",
				"${PODS_ROOT}/Sparkle/Sparkle.framework",
				"${PODS_ROOT}/Sparkle/Sparkle.framework.dSYM",
			);
			name = "[CP] Embed Pods Frameworks";
			outputPaths = (
				"${TARGET_BUILD_DIR}/${FRAMEWORKS_FOLDER_PATH}/CocoaLumberjack.framework",
				"${TARGET_BUILD_DIR}/${FRAMEWORKS_FOLDER_PATH}/SAMKeychain.framework",
				"${TARGET_BUILD_DIR}/${FRAMEWORKS_FOLDER_PATH}/SDWebImage.framework",
				"${TARGET_BUILD_DIR}/${FRAMEWORKS_FOLDER_PATH}/STHTTPRequest.framework",
				"${TARGET_BUILD_DIR}/${FRAMEWORKS_FOLDER_PATH}/SocketRocket.framework",
				"${TARGET_BUILD_DIR}/${FRAMEWORKS_FOLDER_PATH}/Sparkle.framework",
				"${DWARF_DSYM_FOLDER_PATH}/Sparkle.framework.dSYM",
			);
			runOnlyForDeploymentPostprocessing = 0;
			shellPath = /bin/sh;
			shellScript = "\"${SRCROOT}/Pods/Target Support Files/Pods-notifi/Pods-notifi-frameworks.sh\"\n";
			showEnvVarsInLog = 0;
		};
		A79750A7DB3D6D666F5FF9E7 /* [CP] Copy Pods Resources */ = {
			isa = PBXShellScriptBuildPhase;
			buildActionMask = 2147483647;
			files = (
			);
			inputPaths = (
			);
			name = "[CP] Copy Pods Resources";
			outputPaths = (
			);
			runOnlyForDeploymentPostprocessing = 0;
			shellPath = /bin/sh;
			shellScript = "\"${SRCROOT}/Pods/Target Support Files/Pods-notifi/Pods-notifi-resources.sh\"\n";
			showEnvVarsInLog = 0;
		};
		D6C0F86C20371C77008673E3 /* Write Secret Server Code */ = {
			isa = PBXShellScriptBuildPhase;
			buildActionMask = 2147483647;
			files = (
			);
			inputPaths = (
			);
			name = "Write Secret Server Code";
			outputPaths = (
			);
			runOnlyForDeploymentPostprocessing = 0;
			shellPath = /bin/bash;
			shellScript = "CODE=$(cat \"$SRCROOT/../notifi.it/secret_server_code.pass\")\nfind \"$SRCROOT/notifi/LOOCryptString.m\" -type f -exec sed -i '' -e \"s/secret_server_code/${CODE}/g\" {} +";
		};
		D6C0F86D20371CC6008673E3 /* Remove Secret Server Code */ = {
			isa = PBXShellScriptBuildPhase;
			buildActionMask = 2147483647;
			files = (
			);
			inputPaths = (
			);
			name = "Remove Secret Server Code";
			outputPaths = (
			);
			runOnlyForDeploymentPostprocessing = 0;
			shellPath = /bin/bash;
			shellScript = "CODE=$(cat \"$SRCROOT/../notifi.it/secret_server_code.pass\")\nfind \"$SRCROOT/notifi/LOOCryptString.m\" -type f -exec sed -i '' -e \"s/${CODE}/secret_server_code/g\" {} +";
		};
/* End PBXShellScriptBuildPhase section */

/* Begin PBXSourcesBuildPhase section */
		48AD3F8C1DB9438600B47CA5 /* Sources */ = {
			isa = PBXSourcesBuildPhase;
			buildActionMask = 2147483647;
			files = (
				484935CE2018DB6700ED058A /* CustomFunctions.m in Sources */,
				48785DD12018B2710078F388 /* Keys.m in Sources */,
				4892A26A20153242003F56EC /* NotificationImage.m in Sources */,
				D6C0F874203732F8008673E3 /* MenuWindow.m in Sources */,
				48AD3F981DB9438600B47CA5 /* main.m in Sources */,
				48125A3E1EE8484600C3245B /* KPCScaleToFillNSImageView.m in Sources */,
				4892A26D20153271003F56EC /* Cog.m in Sources */,
				D6C0F8712037261D008673E3 /* User.m in Sources */,
				4892A27C20153BD8003F56EC /* CustomVars.m in Sources */,
				4892A25B2015304B003F56EC /* Notification.m in Sources */,
				4892A270201532B0003F56EC /* NotificationLink.m in Sources */,
				484935D12018DFB400ED058A /* Socket.m in Sources */,
				4892A2642015315F003F56EC /* NotificationTable.m in Sources */,
				4892A26720153204003F56EC /* ControllButton.m in Sources */,
				484935D420194B9200ED058A /* Log.m in Sources */,
				48785DCC2018A1170078F388 /* SettingsMenu.m in Sources */,
				4892A27620153559003F56EC /* NSImage+Rotate.m in Sources */,
				482C8A931E09742400E5C173 /* MyApplication.m in Sources */,
				48AD3F951DB9438600B47CA5 /* AppDelegate.m in Sources */,
				D6C0F86A20371C39008673E3 /* LOOCryptString.m in Sources */,
				48110582201F731C004D2040 /* NSView+Animate.m in Sources */,
				4892A273201532E5003F56EC /* NotificationLabel.m in Sources */,
				D65EE08420376D6700CD589D /* MenuBarClass.m in Sources */,
				48110588201FEB2D004D2040 /* MainWindow.m in Sources */,
			);
			runOnlyForDeploymentPostprocessing = 0;
		};
/* End PBXSourcesBuildPhase section */

/* Begin XCBuildConfiguration section */
		48AD3FA21DB9438600B47CA5 /* Debug */ = {
			isa = XCBuildConfiguration;
			buildSettings = {
				ALWAYS_SEARCH_USER_PATHS = NO;
				CLANG_ANALYZER_NONNULL = YES;
				CLANG_CXX_LANGUAGE_STANDARD = "gnu++0x";
				CLANG_CXX_LIBRARY = "libc++";
				CLANG_ENABLE_MODULES = YES;
				CLANG_ENABLE_OBJC_ARC = YES;
				CLANG_WARN_BLOCK_CAPTURE_AUTORELEASING = YES;
				CLANG_WARN_BOOL_CONVERSION = YES;
				CLANG_WARN_COMMA = YES;
				CLANG_WARN_CONSTANT_CONVERSION = YES;
				CLANG_WARN_DIRECT_OBJC_ISA_USAGE = YES_ERROR;
				CLANG_WARN_DOCUMENTATION_COMMENTS = YES;
				CLANG_WARN_EMPTY_BODY = YES;
				CLANG_WARN_ENUM_CONVERSION = YES;
				CLANG_WARN_INFINITE_RECURSION = YES;
				CLANG_WARN_INT_CONVERSION = YES;
				CLANG_WARN_NON_LITERAL_NULL_CONVERSION = YES;
				CLANG_WARN_OBJC_LITERAL_CONVERSION = YES;
				CLANG_WARN_OBJC_ROOT_CLASS = YES_ERROR;
				CLANG_WARN_RANGE_LOOP_ANALYSIS = YES;
				CLANG_WARN_STRICT_PROTOTYPES = YES;
				CLANG_WARN_SUSPICIOUS_MOVE = YES;
				CLANG_WARN_SUSPICIOUS_MOVES = YES;
				CLANG_WARN_UNREACHABLE_CODE = YES;
				CLANG_WARN__DUPLICATE_METHOD_MATCH = YES;
				CODE_SIGN_IDENTITY = "-";
				COPY_PHASE_STRIP = NO;
				DEBUG_INFORMATION_FORMAT = dwarf;
				ENABLE_STRICT_OBJC_MSGSEND = YES;
				ENABLE_TESTABILITY = YES;
				GCC_C_LANGUAGE_STANDARD = gnu99;
				GCC_DYNAMIC_NO_PIC = NO;
				GCC_NO_COMMON_BLOCKS = YES;
				GCC_OPTIMIZATION_LEVEL = 0;
				GCC_PREPROCESSOR_DEFINITIONS = (
					"DEBUG=1",
					"$(inherited)",
				);
				GCC_WARN_64_TO_32_BIT_CONVERSION = YES;
				GCC_WARN_ABOUT_RETURN_TYPE = YES_ERROR;
				GCC_WARN_UNDECLARED_SELECTOR = YES;
				GCC_WARN_UNINITIALIZED_AUTOS = YES_AGGRESSIVE;
				GCC_WARN_UNUSED_FUNCTION = YES;
				GCC_WARN_UNUSED_LABEL = YES;
				GCC_WARN_UNUSED_PARAMETER = YES;
				GCC_WARN_UNUSED_VARIABLE = YES;
				MACOSX_DEPLOYMENT_TARGET = 10.9;
				MTL_ENABLE_DEBUG_INFO = YES;
				ONLY_ACTIVE_ARCH = YES;
				SDKROOT = macosx;
			};
			name = Debug;
		};
		48AD3FA31DB9438600B47CA5 /* Release */ = {
			isa = XCBuildConfiguration;
			buildSettings = {
				ALWAYS_SEARCH_USER_PATHS = NO;
				CLANG_ANALYZER_NONNULL = YES;
				CLANG_CXX_LANGUAGE_STANDARD = "gnu++0x";
				CLANG_CXX_LIBRARY = "libc++";
				CLANG_ENABLE_MODULES = YES;
				CLANG_ENABLE_OBJC_ARC = YES;
				CLANG_WARN_BLOCK_CAPTURE_AUTORELEASING = YES;
				CLANG_WARN_BOOL_CONVERSION = YES;
				CLANG_WARN_COMMA = YES;
				CLANG_WARN_CONSTANT_CONVERSION = YES;
				CLANG_WARN_DIRECT_OBJC_ISA_USAGE = YES_ERROR;
				CLANG_WARN_DOCUMENTATION_COMMENTS = YES;
				CLANG_WARN_EMPTY_BODY = YES;
				CLANG_WARN_ENUM_CONVERSION = YES;
				CLANG_WARN_INFINITE_RECURSION = YES;
				CLANG_WARN_INT_CONVERSION = YES;
				CLANG_WARN_NON_LITERAL_NULL_CONVERSION = YES;
				CLANG_WARN_OBJC_LITERAL_CONVERSION = YES;
				CLANG_WARN_OBJC_ROOT_CLASS = YES_ERROR;
				CLANG_WARN_RANGE_LOOP_ANALYSIS = YES;
				CLANG_WARN_STRICT_PROTOTYPES = YES;
				CLANG_WARN_SUSPICIOUS_MOVE = YES;
				CLANG_WARN_SUSPICIOUS_MOVES = YES;
				CLANG_WARN_UNREACHABLE_CODE = YES;
				CLANG_WARN__DUPLICATE_METHOD_MATCH = YES;
				CODE_SIGN_IDENTITY = "-";
				COPY_PHASE_STRIP = NO;
				DEBUG_INFORMATION_FORMAT = "dwarf-with-dsym";
				ENABLE_NS_ASSERTIONS = NO;
				ENABLE_STRICT_OBJC_MSGSEND = YES;
				GCC_C_LANGUAGE_STANDARD = gnu99;
				GCC_NO_COMMON_BLOCKS = YES;
				GCC_WARN_64_TO_32_BIT_CONVERSION = YES;
				GCC_WARN_ABOUT_RETURN_TYPE = YES_ERROR;
				GCC_WARN_UNDECLARED_SELECTOR = YES;
				GCC_WARN_UNINITIALIZED_AUTOS = YES_AGGRESSIVE;
				GCC_WARN_UNUSED_FUNCTION = YES;
				GCC_WARN_UNUSED_LABEL = YES;
				GCC_WARN_UNUSED_PARAMETER = YES;
				GCC_WARN_UNUSED_VARIABLE = YES;
				MACOSX_DEPLOYMENT_TARGET = 10.9;
				MTL_ENABLE_DEBUG_INFO = NO;
				SDKROOT = macosx;
			};
			name = Release;
		};
		48AD3FA51DB9438600B47CA5 /* Debug */ = {
			isa = XCBuildConfiguration;
			baseConfigurationReference = C6C13AC51C186348B3AE43D0 /* Pods-notifi.debug.xcconfig */;
			buildSettings = {
				ASSETCATALOG_COMPILER_APPICON_NAME = AppIcon;
				CODE_SIGN_IDENTITY = "Mac Developer";
				COMBINE_HIDPI_IMAGES = YES;
				DEVELOPMENT_TEAM = 3H49MXS325;
				GCC_WARN_UNUSED_LABEL = YES;
				GCC_WARN_UNUSED_PARAMETER = YES;
				INFOPLIST_FILE = notifi/Info.plist;
				LD_RUNPATH_SEARCH_PATHS = "$(inherited) @executable_path/../Frameworks";
				MACOSX_DEPLOYMENT_TARGET = 10.8;
				PRODUCT_BUNDLE_IDENTIFIER = co.m4x.notifi;
				PRODUCT_NAME = "$(TARGET_NAME)";
			};
			name = Debug;
		};
		48AD3FA61DB9438600B47CA5 /* Release */ = {
			isa = XCBuildConfiguration;
			baseConfigurationReference = AAEBB28D4838A0B7433B417E /* Pods-notifi.release.xcconfig */;
			buildSettings = {
				ASSETCATALOG_COMPILER_APPICON_NAME = AppIcon;
				CODE_SIGN_IDENTITY = "Mac Developer";
				COMBINE_HIDPI_IMAGES = YES;
				DEVELOPMENT_TEAM = 3H49MXS325;
				GCC_WARN_UNUSED_LABEL = YES;
				GCC_WARN_UNUSED_PARAMETER = YES;
				INFOPLIST_FILE = notifi/Info.plist;
				LD_RUNPATH_SEARCH_PATHS = "$(inherited) @executable_path/../Frameworks";
				MACOSX_DEPLOYMENT_TARGET = 10.8;
				PRODUCT_BUNDLE_IDENTIFIER = co.m4x.notifi;
				PRODUCT_NAME = "$(TARGET_NAME)";
			};
			name = Release;
		};
/* End XCBuildConfiguration section */

/* Begin XCConfigurationList section */
		48AD3F8B1DB9438600B47CA5 /* Build configuration list for PBXProject "notifi" */ = {
			isa = XCConfigurationList;
			buildConfigurations = (
				48AD3FA21DB9438600B47CA5 /* Debug */,
				48AD3FA31DB9438600B47CA5 /* Release */,
			);
			defaultConfigurationIsVisible = 0;
			defaultConfigurationName = Release;
		};
		48AD3FA41DB9438600B47CA5 /* Build configuration list for PBXNativeTarget "notifi" */ = {
			isa = XCConfigurationList;
			buildConfigurations = (
				48AD3FA51DB9438600B47CA5 /* Debug */,
				48AD3FA61DB9438600B47CA5 /* Release */,
			);
			defaultConfigurationIsVisible = 0;
			defaultConfigurationName = Release;
		};
/* End XCConfigurationList section */
	};
	rootObject = 48AD3F881DB9438600B47CA5 /* Project object */;
}
