// !$*UTF8*$!
{
	archiveVersion = 1;
	classes = {
	};
	objectVersion = 46;
	objects = {

/* Begin PBXBuildFile section */
		3486AF5B90ADCF406A866D70 /* Pods_notifi.framework in Frameworks */ = {isa = PBXBuildFile; fileRef = CB203359588D007975D84CFB /* Pods_notifi.framework */; };
		48125A3E1EE8484600C3245B /* KPCScaleToFillNSImageView.m in Sources */ = {isa = PBXBuildFile; fileRef = 48125A3C1EE8484600C3245B /* KPCScaleToFillNSImageView.m */; };
		481695741F046523003D6023 /* Credits.html in Resources */ = {isa = PBXBuildFile; fileRef = 481695731F046523003D6023 /* Credits.html */; };
		482C8A931E09742400E5C173 /* MyApplication.m in Sources */ = {isa = PBXBuildFile; fileRef = 482C8A921E09742400E5C173 /* MyApplication.m */; };
		482C8A9D1E0B0D0700E5C173 /* CoreData.framework in Frameworks */ = {isa = PBXBuildFile; fileRef = 482C8A9C1E0B0D0700E5C173 /* CoreData.framework */; };
		482C8A9F1E0B0D4000E5C173 /* AppKit.framework in Frameworks */ = {isa = PBXBuildFile; fileRef = 482C8A9E1E0B0D4000E5C173 /* AppKit.framework */; };
		484439EC1EA8C2D5009C7043 /* Anton Saputro.png in Resources */ = {isa = PBXBuildFile; fileRef = 484439EB1EA8C2D5009C7043 /* Anton Saputro.png */; };
		486FA2CD1F2FA2FA008E7492 /* sad.png in Resources */ = {isa = PBXBuildFile; fileRef = 486FA2CC1F2FA2FA008E7492 /* sad.png */; };
		487652DE1E01BFD900D0CE3B /* menu_error_bellicon.png in Resources */ = {isa = PBXBuildFile; fileRef = 487652DD1E01BFD900D0CE3B /* menu_error_bellicon.png */; };
		48AD3F951DB9438600B47CA5 /* AppDelegate.m in Sources */ = {isa = PBXBuildFile; fileRef = 48AD3F941DB9438600B47CA5 /* AppDelegate.m */; };
		48AD3F981DB9438600B47CA5 /* main.m in Sources */ = {isa = PBXBuildFile; fileRef = 48AD3F971DB9438600B47CA5 /* main.m */; };
		48AD3FA91DBA500100B47CA5 /* Security.framework in Frameworks */ = {isa = PBXBuildFile; fileRef = 48AD3FA81DBA500100B47CA5 /* Security.framework */; };
		48AE54B61E04480800E8777F /* up_arrow.png in Resources */ = {isa = PBXBuildFile; fileRef = 48AE54B51E04480800E8777F /* up_arrow.png */; };
		48AE54B81E0451EA00E8777F /* bell.png in Resources */ = {isa = PBXBuildFile; fileRef = 48AE54B71E0451EA00E8777F /* bell.png */; };
		48AE54C41E05E65B00E8777F /* alert_menu_bellicon.png in Resources */ = {isa = PBXBuildFile; fileRef = 48AE54C31E05E65B00E8777F /* alert_menu_bellicon.png */; };
		48B028311DBBAC51007D2462 /* menu_bellicon.png in Resources */ = {isa = PBXBuildFile; fileRef = 48B028301DBBAC51007D2462 /* menu_bellicon.png */; };
		48DD0F061E1BC57D00773859 /* Assets.xcassets in Resources */ = {isa = PBXBuildFile; fileRef = 48DD0F051E1BC57D00773859 /* Assets.xcassets */; };
		48E49A901E1D9DFF00DE3DBE /* fonts in Resources */ = {isa = PBXBuildFile; fileRef = 48E49A8F1E1D9DFF00DE3DBE /* fonts */; };
/* End PBXBuildFile section */

/* Begin PBXFileReference section */
		48125A3C1EE8484600C3245B /* KPCScaleToFillNSImageView.m */ = {isa = PBXFileReference; fileEncoding = 4; lastKnownFileType = sourcecode.c.objc; path = KPCScaleToFillNSImageView.m; sourceTree = "<group>"; };
		48125A3D1EE8484600C3245B /* KPCScaleToFillNSImageView.h */ = {isa = PBXFileReference; fileEncoding = 4; lastKnownFileType = sourcecode.c.h; path = KPCScaleToFillNSImageView.h; sourceTree = "<group>"; };
		481695731F046523003D6023 /* Credits.html */ = {isa = PBXFileReference; fileEncoding = 4; lastKnownFileType = text.html; path = Credits.html; sourceTree = "<group>"; };
		482C8A921E09742400E5C173 /* MyApplication.m */ = {isa = PBXFileReference; fileEncoding = 4; lastKnownFileType = sourcecode.c.objc; path = MyApplication.m; sourceTree = "<group>"; };
		482C8A941E09743100E5C173 /* MyApplication.h */ = {isa = PBXFileReference; lastKnownFileType = sourcecode.c.h; path = MyApplication.h; sourceTree = "<group>"; };
		482C8A9C1E0B0D0700E5C173 /* CoreData.framework */ = {isa = PBXFileReference; lastKnownFileType = wrapper.framework; name = CoreData.framework; path = System/Library/Frameworks/CoreData.framework; sourceTree = SDKROOT; };
		482C8A9E1E0B0D4000E5C173 /* AppKit.framework */ = {isa = PBXFileReference; lastKnownFileType = wrapper.framework; name = AppKit.framework; path = System/Library/Frameworks/AppKit.framework; sourceTree = SDKROOT; };
		484439EB1EA8C2D5009C7043 /* Anton Saputro.png */ = {isa = PBXFileReference; lastKnownFileType = image.png; path = "Anton Saputro.png"; sourceTree = "<group>"; };
		486FA2CC1F2FA2FA008E7492 /* sad.png */ = {isa = PBXFileReference; lastKnownFileType = image.png; path = sad.png; sourceTree = "<group>"; };
		487652DD1E01BFD900D0CE3B /* menu_error_bellicon.png */ = {isa = PBXFileReference; lastKnownFileType = image.png; path = menu_error_bellicon.png; sourceTree = "<group>"; };
		488F6B521E80A84C00B7809C /* CoreImage.framework */ = {isa = PBXFileReference; lastKnownFileType = wrapper.framework; name = CoreImage.framework; path = System/Library/Frameworks/CoreImage.framework; sourceTree = SDKROOT; };
		48AD3F901DB9438600B47CA5 /* notifi.app */ = {isa = PBXFileReference; explicitFileType = wrapper.application; includeInIndex = 0; path = notifi.app; sourceTree = BUILT_PRODUCTS_DIR; };
		48AD3F931DB9438600B47CA5 /* AppDelegate.h */ = {isa = PBXFileReference; lastKnownFileType = sourcecode.c.h; path = AppDelegate.h; sourceTree = "<group>"; };
		48AD3F941DB9438600B47CA5 /* AppDelegate.m */ = {isa = PBXFileReference; lastKnownFileType = sourcecode.c.objc; path = AppDelegate.m; sourceTree = "<group>"; };
		48AD3F971DB9438600B47CA5 /* main.m */ = {isa = PBXFileReference; lastKnownFileType = sourcecode.c.objc; path = main.m; sourceTree = "<group>"; };
		48AD3FA11DB9438600B47CA5 /* Info.plist */ = {isa = PBXFileReference; lastKnownFileType = text.plist.xml; path = Info.plist; sourceTree = "<group>"; };
		48AD3FA81DBA500100B47CA5 /* Security.framework */ = {isa = PBXFileReference; lastKnownFileType = wrapper.framework; name = Security.framework; path = System/Library/Frameworks/Security.framework; sourceTree = SDKROOT; };
		48AE54B51E04480800E8777F /* up_arrow.png */ = {isa = PBXFileReference; lastKnownFileType = image.png; path = up_arrow.png; sourceTree = "<group>"; };
		48AE54B71E0451EA00E8777F /* bell.png */ = {isa = PBXFileReference; lastKnownFileType = image.png; path = bell.png; sourceTree = "<group>"; };
		48AE54C31E05E65B00E8777F /* alert_menu_bellicon.png */ = {isa = PBXFileReference; lastKnownFileType = image.png; path = alert_menu_bellicon.png; sourceTree = "<group>"; };
		48B028301DBBAC51007D2462 /* menu_bellicon.png */ = {isa = PBXFileReference; lastKnownFileType = image.png; path = menu_bellicon.png; sourceTree = "<group>"; };
		48DD0F051E1BC57D00773859 /* Assets.xcassets */ = {isa = PBXFileReference; lastKnownFileType = folder.assetcatalog; path = Assets.xcassets; sourceTree = "<group>"; };
		48E49A8F1E1D9DFF00DE3DBE /* fonts */ = {isa = PBXFileReference; lastKnownFileType = folder; path = fonts; sourceTree = "<group>"; };
		AAEBB28D4838A0B7433B417E /* Pods-notifi.release.xcconfig */ = {isa = PBXFileReference; includeInIndex = 1; lastKnownFileType = text.xcconfig; name = "Pods-notifi.release.xcconfig"; path = "Pods/Target Support Files/Pods-notifi/Pods-notifi.release.xcconfig"; sourceTree = "<group>"; };
		C6C13AC51C186348B3AE43D0 /* Pods-notifi.debug.xcconfig */ = {isa = PBXFileReference; includeInIndex = 1; lastKnownFileType = text.xcconfig; name = "Pods-notifi.debug.xcconfig"; path = "Pods/Target Support Files/Pods-notifi/Pods-notifi.debug.xcconfig"; sourceTree = "<group>"; };
		CB203359588D007975D84CFB /* Pods_notifi.framework */ = {isa = PBXFileReference; explicitFileType = wrapper.framework; includeInIndex = 0; path = Pods_notifi.framework; sourceTree = BUILT_PRODUCTS_DIR; };
/* End PBXFileReference section */

/* Begin PBXFrameworksBuildPhase section */
		48AD3F8D1DB9438600B47CA5 /* Frameworks */ = {
			isa = PBXFrameworksBuildPhase;
			buildActionMask = 2147483647;
			files = (
				482C8A9F1E0B0D4000E5C173 /* AppKit.framework in Frameworks */,
				482C8A9D1E0B0D0700E5C173 /* CoreData.framework in Frameworks */,
				48AD3FA91DBA500100B47CA5 /* Security.framework in Frameworks */,
				3486AF5B90ADCF406A866D70 /* Pods_notifi.framework in Frameworks */,
			);
			runOnlyForDeploymentPostprocessing = 0;
		};
/* End PBXFrameworksBuildPhase section */

/* Begin PBXGroup section */
		0A355C312C783A79B37DE92A /* Pods */ = {
			isa = PBXGroup;
			children = (
				C6C13AC51C186348B3AE43D0 /* Pods-notifi.debug.xcconfig */,
				AAEBB28D4838A0B7433B417E /* Pods-notifi.release.xcconfig */,
			);
			name = Pods;
			sourceTree = "<group>";
		};
		48AD3F871DB9438600B47CA5 = {
			isa = PBXGroup;
			children = (
				48AD3F921DB9438600B47CA5 /* notifi */,
				48AD3F911DB9438600B47CA5 /* Products */,
				48AD3FA71DBA500100B47CA5 /* Frameworks */,
				0A355C312C783A79B37DE92A /* Pods */,
			);
			sourceTree = "<group>";
		};
		48AD3F911DB9438600B47CA5 /* Products */ = {
			isa = PBXGroup;
			children = (
				48AD3F901DB9438600B47CA5 /* notifi.app */,
			);
			name = Products;
			sourceTree = "<group>";
		};
		48AD3F921DB9438600B47CA5 /* notifi */ = {
			isa = PBXGroup;
			children = (
				48AD3F931DB9438600B47CA5 /* AppDelegate.h */,
				48AD3F941DB9438600B47CA5 /* AppDelegate.m */,
				48AE54B51E04480800E8777F /* up_arrow.png */,
				487652DD1E01BFD900D0CE3B /* menu_error_bellicon.png */,
				48B028301DBBAC51007D2462 /* menu_bellicon.png */,
				48AE54C31E05E65B00E8777F /* alert_menu_bellicon.png */,
				48AE54B71E0451EA00E8777F /* bell.png */,
				486FA2CC1F2FA2FA008E7492 /* sad.png */,
				484439EB1EA8C2D5009C7043 /* Anton Saputro.png */,
				48125A3C1EE8484600C3245B /* KPCScaleToFillNSImageView.m */,
				48125A3D1EE8484600C3245B /* KPCScaleToFillNSImageView.h */,
				48DD0F051E1BC57D00773859 /* Assets.xcassets */,
				48AD3FA11DB9438600B47CA5 /* Info.plist */,
				48E49A8F1E1D9DFF00DE3DBE /* fonts */,
				48AD3F961DB9438600B47CA5 /* Supporting Files */,
				482C8A921E09742400E5C173 /* MyApplication.m */,
				482C8A941E09743100E5C173 /* MyApplication.h */,
				481695731F046523003D6023 /* Credits.html */,
			);
			path = notifi;
			sourceTree = "<group>";
		};
		48AD3F961DB9438600B47CA5 /* Supporting Files */ = {
			isa = PBXGroup;
			children = (
				48AD3F971DB9438600B47CA5 /* main.m */,
			);
			name = "Supporting Files";
			sourceTree = "<group>";
		};
		48AD3FA71DBA500100B47CA5 /* Frameworks */ = {
			isa = PBXGroup;
			children = (
				488F6B521E80A84C00B7809C /* CoreImage.framework */,
				482C8A9E1E0B0D4000E5C173 /* AppKit.framework */,
				482C8A9C1E0B0D0700E5C173 /* CoreData.framework */,
				48AD3FA81DBA500100B47CA5 /* Security.framework */,
				CB203359588D007975D84CFB /* Pods_notifi.framework */,
			);
			name = Frameworks;
			sourceTree = "<group>";
		};
/* End PBXGroup section */

/* Begin PBXNativeTarget section */
		48AD3F8F1DB9438600B47CA5 /* notifi */ = {
			isa = PBXNativeTarget;
			buildConfigurationList = 48AD3FA41DB9438600B47CA5 /* Build configuration list for PBXNativeTarget "notifi" */;
			buildPhases = (
				432519AB3F04C11B2A09AD03 /* [CP] Check Pods Manifest.lock */,
				48AD3F8C1DB9438600B47CA5 /* Sources */,
				48AD3F8D1DB9438600B47CA5 /* Frameworks */,
				48AD3F8E1DB9438600B47CA5 /* Resources */,
				6B6781832190895796A18A4B /* [CP] Embed Pods Frameworks */,
				A79750A7DB3D6D666F5FF9E7 /* [CP] Copy Pods Resources */,
			);
			buildRules = (
			);
			dependencies = (
			);
			name = notifi;
			productName = notify;
			productReference = 48AD3F901DB9438600B47CA5 /* notifi.app */;
			productType = "com.apple.product-type.application";
		};
/* End PBXNativeTarget section */

/* Begin PBXProject section */
		48AD3F881DB9438600B47CA5 /* Project object */ = {
			isa = PBXProject;
			attributes = {
				LastUpgradeCheck = 0900;
				ORGANIZATIONNAME = "max mitchell";
				TargetAttributes = {
					48AD3F8F1DB9438600B47CA5 = {
						CreatedOnToolsVersion = 8.0;
						DevelopmentTeam = 3H49MXS325;
						ProvisioningStyle = Automatic;
					};
				};
			};
			buildConfigurationList = 48AD3F8B1DB9438600B47CA5 /* Build configuration list for PBXProject "notifi" */;
			compatibilityVersion = "Xcode 3.2";
			developmentRegion = English;
			hasScannedForEncodings = 0;
			knownRegions = (
				en,
				Base,
			);
			mainGroup = 48AD3F871DB9438600B47CA5;
			productRefGroup = 48AD3F911DB9438600B47CA5 /* Products */;
			projectDirPath = "";
			projectRoot = "";
			targets = (
				48AD3F8F1DB9438600B47CA5 /* notifi */,
			);
		};
/* End PBXProject section */

/* Begin PBXResourcesBuildPhase section */
		48AD3F8E1DB9438600B47CA5 /* Resources */ = {
			isa = PBXResourcesBuildPhase;
			buildActionMask = 2147483647;
			files = (
				48AE54C41E05E65B00E8777F /* alert_menu_bellicon.png in Resources */,
				48DD0F061E1BC57D00773859 /* Assets.xcassets in Resources */,
				486FA2CD1F2FA2FA008E7492 /* sad.png in Resources */,
				484439EC1EA8C2D5009C7043 /* Anton Saputro.png in Resources */,
				487652DE1E01BFD900D0CE3B /* menu_error_bellicon.png in Resources */,
				48AE54B81E0451EA00E8777F /* bell.png in Resources */,
				48AE54B61E04480800E8777F /* up_arrow.png in Resources */,
				48B028311DBBAC51007D2462 /* menu_bellicon.png in Resources */,
				48E49A901E1D9DFF00DE3DBE /* fonts in Resources */,
				481695741F046523003D6023 /* Credits.html in Resources */,
			);
			runOnlyForDeploymentPostprocessing = 0;
		};
/* End PBXResourcesBuildPhase section */

/* Begin PBXShellScriptBuildPhase section */
		432519AB3F04C11B2A09AD03 /* [CP] Check Pods Manifest.lock */ = {
			isa = PBXShellScriptBuildPhase;
			buildActionMask = 2147483647;
			files = (
			);
			inputPaths = (
			);
			name = "[CP] Check Pods Manifest.lock";
			outputPaths = (
			);
			runOnlyForDeploymentPostprocessing = 0;
			shellPath = /bin/sh;
			shellScript = "diff \"${PODS_ROOT}/../Podfile.lock\" \"${PODS_ROOT}/Manifest.lock\" > /dev/null\nif [ $? != 0 ] ; then\n    # print error to STDERR\n    echo \"error: The sandbox is not in sync with the Podfile.lock. Run 'pod install' or update your CocoaPods installation.\" >&2\n    exit 1\nfi\n";
			showEnvVarsInLog = 0;
		};
		6B6781832190895796A18A4B /* [CP] Embed Pods Frameworks */ = {
			isa = PBXShellScriptBuildPhase;
			buildActionMask = 2147483647;
			files = (
			);
			inputPaths = (
			);
			name = "[CP] Embed Pods Frameworks";
			outputPaths = (
			);
			runOnlyForDeploymentPostprocessing = 0;
			shellPath = /bin/sh;
			shellScript = "\"${SRCROOT}/Pods/Target Support Files/Pods-notifi/Pods-notifi-frameworks.sh\"\n";
			showEnvVarsInLog = 0;
		};
		A79750A7DB3D6D666F5FF9E7 /* [CP] Copy Pods Resources */ = {
			isa = PBXShellScriptBuildPhase;
			buildActionMask = 2147483647;
			files = (
			);
			inputPaths = (
			);
			name = "[CP] Copy Pods Resources";
			outputPaths = (
			);
			runOnlyForDeploymentPostprocessing = 0;
			shellPath = /bin/sh;
			shellScript = "\"${SRCROOT}/Pods/Target Support Files/Pods-notifi/Pods-notifi-resources.sh\"\n";
			showEnvVarsInLog = 0;
		};
/* End PBXShellScriptBuildPhase section */

/* Begin PBXSourcesBuildPhase section */
		48AD3F8C1DB9438600B47CA5 /* Sources */ = {
			isa = PBXSourcesBuildPhase;
			buildActionMask = 2147483647;
			files = (
				48AD3F981DB9438600B47CA5 /* main.m in Sources */,
				48125A3E1EE8484600C3245B /* KPCScaleToFillNSImageView.m in Sources */,
				482C8A931E09742400E5C173 /* MyApplication.m in Sources */,
				48AD3F951DB9438600B47CA5 /* AppDelegate.m in Sources */,
			);
			runOnlyForDeploymentPostprocessing = 0;
		};
/* End PBXSourcesBuildPhase section */

/* Begin XCBuildConfiguration section */
		48AD3FA21DB9438600B47CA5 /* Debug */ = {
			isa = XCBuildConfiguration;
			buildSettings = {
				ALWAYS_SEARCH_USER_PATHS = NO;
				CLANG_ANALYZER_NONNULL = YES;
				CLANG_CXX_LANGUAGE_STANDARD = "gnu++0x";
				CLANG_CXX_LIBRARY = "libc++";
				CLANG_ENABLE_MODULES = YES;
				CLANG_ENABLE_OBJC_ARC = YES;
				CLANG_WARN_BLOCK_CAPTURE_AUTORELEASING = YES;
				CLANG_WARN_BOOL_CONVERSION = YES;
				CLANG_WARN_COMMA = YES;
				CLANG_WARN_CONSTANT_CONVERSION = YES;
				CLANG_WARN_DIRECT_OBJC_ISA_USAGE = YES_ERROR;
				CLANG_WARN_DOCUMENTATION_COMMENTS = YES;
				CLANG_WARN_EMPTY_BODY = YES;
				CLANG_WARN_ENUM_CONVERSION = YES;
				CLANG_WARN_INFINITE_RECURSION = YES;
				CLANG_WARN_INT_CONVERSION = YES;
				CLANG_WARN_NON_LITERAL_NULL_CONVERSION = YES;
				CLANG_WARN_OBJC_LITERAL_CONVERSION = YES;
				CLANG_WARN_OBJC_ROOT_CLASS = YES_ERROR;
				CLANG_WARN_RANGE_LOOP_ANALYSIS = YES;
				CLANG_WARN_STRICT_PROTOTYPES = YES;
				CLANG_WARN_SUSPICIOUS_MOVE = YES;
				CLANG_WARN_SUSPICIOUS_MOVES = YES;
				CLANG_WARN_UNREACHABLE_CODE = YES;
				CLANG_WARN__DUPLICATE_METHOD_MATCH = YES;
				CODE_SIGN_IDENTITY = "-";
				COPY_PHASE_STRIP = NO;
				DEBUG_INFORMATION_FORMAT = dwarf;
				ENABLE_STRICT_OBJC_MSGSEND = YES;
				ENABLE_TESTABILITY = YES;
				GCC_C_LANGUAGE_STANDARD = gnu99;
				GCC_DYNAMIC_NO_PIC = NO;
				GCC_NO_COMMON_BLOCKS = YES;
				GCC_OPTIMIZATION_LEVEL = 0;
				GCC_PREPROCESSOR_DEFINITIONS = (
					"DEBUG=1",
					"$(inherited)",
				);
				GCC_WARN_64_TO_32_BIT_CONVERSION = YES;
				GCC_WARN_ABOUT_RETURN_TYPE = YES_ERROR;
				GCC_WARN_UNDECLARED_SELECTOR = YES;
				GCC_WARN_UNINITIALIZED_AUTOS = YES_AGGRESSIVE;
				GCC_WARN_UNUSED_FUNCTION = YES;
				GCC_WARN_UNUSED_VARIABLE = YES;
				MACOSX_DEPLOYMENT_TARGET = 10.12;
				MTL_ENABLE_DEBUG_INFO = YES;
				ONLY_ACTIVE_ARCH = YES;
				SDKROOT = macosx;
			};
			name = Debug;
		};
		48AD3FA31DB9438600B47CA5 /* Release */ = {
			isa = XCBuildConfiguration;
			buildSettings = {
				ALWAYS_SEARCH_USER_PATHS = NO;
				CLANG_ANALYZER_NONNULL = YES;
				CLANG_CXX_LANGUAGE_STANDARD = "gnu++0x";
				CLANG_CXX_LIBRARY = "libc++";
				CLANG_ENABLE_MODULES = YES;
				CLANG_ENABLE_OBJC_ARC = YES;
				CLANG_WARN_BLOCK_CAPTURE_AUTORELEASING = YES;
				CLANG_WARN_BOOL_CONVERSION = YES;
				CLANG_WARN_COMMA = YES;
				CLANG_WARN_CONSTANT_CONVERSION = YES;
				CLANG_WARN_DIRECT_OBJC_ISA_USAGE = YES_ERROR;
				CLANG_WARN_DOCUMENTATION_COMMENTS = YES;
				CLANG_WARN_EMPTY_BODY = YES;
				CLANG_WARN_ENUM_CONVERSION = YES;
				CLANG_WARN_INFINITE_RECURSION = YES;
				CLANG_WARN_INT_CONVERSION = YES;
				CLANG_WARN_NON_LITERAL_NULL_CONVERSION = YES;
				CLANG_WARN_OBJC_LITERAL_CONVERSION = YES;
				CLANG_WARN_OBJC_ROOT_CLASS = YES_ERROR;
				CLANG_WARN_RANGE_LOOP_ANALYSIS = YES;
				CLANG_WARN_STRICT_PROTOTYPES = YES;
				CLANG_WARN_SUSPICIOUS_MOVE = YES;
				CLANG_WARN_SUSPICIOUS_MOVES = YES;
				CLANG_WARN_UNREACHABLE_CODE = YES;
				CLANG_WARN__DUPLICATE_METHOD_MATCH = YES;
				CODE_SIGN_IDENTITY = "-";
				COPY_PHASE_STRIP = NO;
				DEBUG_INFORMATION_FORMAT = "dwarf-with-dsym";
				ENABLE_NS_ASSERTIONS = NO;
				ENABLE_STRICT_OBJC_MSGSEND = YES;
				GCC_C_LANGUAGE_STANDARD = gnu99;
				GCC_NO_COMMON_BLOCKS = YES;
				GCC_WARN_64_TO_32_BIT_CONVERSION = YES;
				GCC_WARN_ABOUT_RETURN_TYPE = YES_ERROR;
				GCC_WARN_UNDECLARED_SELECTOR = YES;
				GCC_WARN_UNINITIALIZED_AUTOS = YES_AGGRESSIVE;
				GCC_WARN_UNUSED_FUNCTION = YES;
				GCC_WARN_UNUSED_VARIABLE = YES;
				MACOSX_DEPLOYMENT_TARGET = 10.12;
				MTL_ENABLE_DEBUG_INFO = NO;
				SDKROOT = macosx;
			};
			name = Release;
		};
		48AD3FA51DB9438600B47CA5 /* Debug */ = {
			isa = XCBuildConfiguration;
			baseConfigurationReference = C6C13AC51C186348B3AE43D0 /* Pods-notifi.debug.xcconfig */;
			buildSettings = {
				ASSETCATALOG_COMPILER_APPICON_NAME = AppIcon;
				CODE_SIGN_IDENTITY = "Mac Developer";
				COMBINE_HIDPI_IMAGES = YES;
				DEVELOPMENT_TEAM = 3H49MXS325;
				INFOPLIST_FILE = notifi/Info.plist;
				LD_RUNPATH_SEARCH_PATHS = "$(inherited) @executable_path/../Frameworks";
				MACOSX_DEPLOYMENT_TARGET = 10.8;
				PRODUCT_BUNDLE_IDENTIFIER = co.m4x.notifi;
				PRODUCT_NAME = "$(TARGET_NAME)";
			};
			name = Debug;
		};
		48AD3FA61DB9438600B47CA5 /* Release */ = {
			isa = XCBuildConfiguration;
			baseConfigurationReference = AAEBB28D4838A0B7433B417E /* Pods-notifi.release.xcconfig */;
			buildSettings = {
				ASSETCATALOG_COMPILER_APPICON_NAME = AppIcon;
				CODE_SIGN_IDENTITY = "Mac Developer";
				COMBINE_HIDPI_IMAGES = YES;
				DEVELOPMENT_TEAM = 3H49MXS325;
				INFOPLIST_FILE = notifi/Info.plist;
				LD_RUNPATH_SEARCH_PATHS = "$(inherited) @executable_path/../Frameworks";
				MACOSX_DEPLOYMENT_TARGET = 10.8;
				PRODUCT_BUNDLE_IDENTIFIER = co.m4x.notifi;
				PRODUCT_NAME = "$(TARGET_NAME)";
			};
			name = Release;
		};
/* End XCBuildConfiguration section */

/* Begin XCConfigurationList section */
		48AD3F8B1DB9438600B47CA5 /* Build configuration list for PBXProject "notifi" */ = {
			isa = XCConfigurationList;
			buildConfigurations = (
				48AD3FA21DB9438600B47CA5 /* Debug */,
				48AD3FA31DB9438600B47CA5 /* Release */,
			);
			defaultConfigurationIsVisible = 0;
			defaultConfigurationName = Release;
		};
		48AD3FA41DB9438600B47CA5 /* Build configuration list for PBXNativeTarget "notifi" */ = {
			isa = XCConfigurationList;
			buildConfigurations = (
				48AD3FA51DB9438600B47CA5 /* Debug */,
				48AD3FA61DB9438600B47CA5 /* Release */,
			);
			defaultConfigurationIsVisible = 0;
			defaultConfigurationName = Release;
		};
/* End XCConfigurationList section */
	};
	rootObject = 48AD3F881DB9438600B47CA5 /* Project object */;
}
